
Microsoft Visual Studio Solution File, Format Version 12.00
# Visual Studio Version 16
VisualStudioVersion = 16.0.31105.61
MinimumVisualStudioVersion = 10.0.40219.1
Project("{9A19103F-16F7-4668-BE54-9A1E7A4F7556}") = "ClickBytez.SKRAPE.Engine", "ClickBytez.SKRAPE.Engine\ClickBytez.SKRAPE.Engine.csproj", "{182FF0D3-3457-4884-9C29-DBFBF29A31CC}"
EndProject
Project("{9A19103F-16F7-4668-BE54-9A1E7A4F7556}") = "ClickBytez.Tools", "ClickBytez.Tools.Extensions\ClickBytez.Tools.csproj", "{88F03CEC-85A3-44DC-B991-1C506AD39ACA}"
EndProject
Project("{9A19103F-16F7-4668-BE54-9A1E7A4F7556}") = "ClickBytez.SKRAPE.Demo", "ClickBytez.SKRAPE.Demo\ClickBytez.SKRAPE.Demo.csproj", "{1B517FFB-8777-40E0-B643-B518FC5E4B43}"
EndProject
Project("{2150E333-8FDC-42A3-9474-1A3956D46DE8}") = "Solution Items", "Solution Items", "{8274D2B9-C616-4895-B6F8-2A2722F5C73B}"
	ProjectSection(SolutionItems) = preProject
		.editorconfig = .editorconfig
	EndProjectSection
EndProject
Global
	GlobalSection(SolutionConfigurationPlatforms) = preSolution
		Debug|Any CPU = Debug|Any CPU
		Release|Any CPU = Release|Any CPU
	EndGlobalSection
	GlobalSection(ProjectConfigurationPlatforms) = postSolution
		{182FF0D3-3457-4884-9C29-DBFBF29A31CC}.Debug|Any CPU.ActiveCfg = Debug|Any CPU
		{182FF0D3-3457-4884-9C29-DBFBF29A31CC}.Debug|Any CPU.Build.0 = Debug|Any CPU
		{182FF0D3-3457-4884-9C29-DBFBF29A31CC}.Release|Any CPU.ActiveCfg = Release|Any CPU
		{182FF0D3-3457-4884-9C29-DBFBF29A31CC}.Release|Any CPU.Build.0 = Release|Any CPU
		{88F03CEC-85A3-44DC-B991-1C506AD39ACA}.Debug|Any CPU.ActiveCfg = Debug|Any CPU
		{88F03CEC-85A3-44DC-B991-1C506AD39ACA}.Debug|Any CPU.Build.0 = Debug|Any CPU
		{88F03CEC-85A3-44DC-B991-1C506AD39ACA}.Release|Any CPU.ActiveCfg = Release|Any CPU
		{88F03CEC-85A3-44DC-B991-1C506AD39ACA}.Release|Any CPU.Build.0 = Release|Any CPU
		{1B517FFB-8777-40E0-B643-B518FC5E4B43}.Debug|Any CPU.ActiveCfg = Debug|Any CPU
		{1B517FFB-8777-40E0-B643-B518FC5E4B43}.Debug|Any CPU.Build.0 = Debug|Any CPU
		{1B517FFB-8777-40E0-B643-B518FC5E4B43}.Release|Any CPU.ActiveCfg = Release|Any CPU
		{1B517FFB-8777-40E0-B643-B518FC5E4B43}.Release|Any CPU.Build.0 = Release|Any CPU
	EndGlobalSection
	GlobalSection(SolutionProperties) = preSolution
		HideSolutionNode = FALSE
	EndGlobalSection
	GlobalSection(ExtensibilityGlobals) = postSolution
		SolutionGuid = {06E056FA-6508-4F60-9A71-C34750AB0F8F}
	EndGlobalSection
EndGlobal
